
Microsoft Visual Studio Solution File, Format Version 12.00
# Visual Studio Version 16
VisualStudioVersion = 16.0.30114.105
MinimumVisualStudioVersion = 10.0.40219.1
Project("{888888A0-9F3D-457C-B088-3A5042F75D52}") = "Chatduell", "Chatduell\Chatduell.pyproj", "{7EFEC59E-B222-42C4-B75D-F7621B8B546B}"
EndProject
Global
	GlobalSection(SolutionConfigurationPlatforms) = preSolution
		Debug|Any CPU = Debug|Any CPU
		Release|Any CPU = Release|Any CPU
	EndGlobalSection
	GlobalSection(ProjectConfigurationPlatforms) = postSolution
		{7EFEC59E-B222-42C4-B75D-F7621B8B546B}.Debug|Any CPU.ActiveCfg = Debug|Any CPU
		{7EFEC59E-B222-42C4-B75D-F7621B8B546B}.Release|Any CPU.ActiveCfg = Release|Any CPU
	EndGlobalSection
	GlobalSection(SolutionProperties) = preSolution
		HideSolutionNode = FALSE
	EndGlobalSection
	GlobalSection(ExtensibilityGlobals) = postSolution
		SolutionGuid = {98440A81-A817-4DB8-899A-685D5B69E98C}
	EndGlobalSection
EndGlobal
